
Microsoft Visual Studio Solution File, Format Version 12.00
# Visual Studio Version 16
VisualStudioVersion = 16.0.31729.503
MinimumVisualStudioVersion = 10.0.40219.1
Project("{FAE04EC0-301F-11D3-BF4B-00C04F79EFBC}") = "HL Launcher", "HL Launcher\HL Launcher.csproj", "{435A9F92-0258-4FC4-9AEB-5B811E3BD826}"
EndProject
Global
	GlobalSection(SolutionConfigurationPlatforms) = preSolution
		Debug|Any CPU = Debug|Any CPU
		Release|Any CPU = Release|Any CPU
	EndGlobalSection
	GlobalSection(ProjectConfigurationPlatforms) = postSolution
		{435A9F92-0258-4FC4-9AEB-5B811E3BD826}.Debug|Any CPU.ActiveCfg = Debug|Any CPU
		{435A9F92-0258-4FC4-9AEB-5B811E3BD826}.Debug|Any CPU.Build.0 = Debug|Any CPU
		{435A9F92-0258-4FC4-9AEB-5B811E3BD826}.Release|Any CPU.ActiveCfg = Release|Any CPU
		{435A9F92-0258-4FC4-9AEB-5B811E3BD826}.Release|Any CPU.Build.0 = Release|Any CPU
	EndGlobalSection
	GlobalSection(SolutionProperties) = preSolution
		HideSolutionNode = FALSE
	EndGlobalSection
	GlobalSection(ExtensibilityGlobals) = postSolution
		SolutionGuid = {B74C7716-784A-4DCF-A7C9-F35FDBF00BE7}
	EndGlobalSection
EndGlobal
